
Microsoft Visual Studio Solution File, Format Version 12.00
# Visual Studio Version 17
VisualStudioVersion = 17.14.36429.23 d17.14
MinimumVisualStudioVersion = 10.0.40219.1
Project("{FAE04EC0-301F-11D3-BF4B-00C04F79EFBC}") = "WebAppOKDeployment", "WebAppOKDeployment\WebAppOKDeployment.csproj", "{5CB751AD-E0E6-4838-93C8-1C57BC9AB4B6}"
EndProject
Global
	GlobalSection(SolutionConfigurationPlatforms) = preSolution
		Debug|Any CPU = Debug|Any CPU
		Release|Any CPU = Release|Any CPU
	EndGlobalSection
	GlobalSection(ProjectConfigurationPlatforms) = postSolution
		{5CB751AD-E0E6-4838-93C8-1C57BC9AB4B6}.Debug|Any CPU.ActiveCfg = Debug|Any CPU
		{5CB751AD-E0E6-4838-93C8-1C57BC9AB4B6}.Debug|Any CPU.Build.0 = Debug|Any CPU
		{5CB751AD-E0E6-4838-93C8-1C57BC9AB4B6}.Release|Any CPU.ActiveCfg = Release|Any CPU
		{5CB751AD-E0E6-4838-93C8-1C57BC9AB4B6}.Release|Any CPU.Build.0 = Release|Any CPU
	EndGlobalSection
	GlobalSection(SolutionProperties) = preSolution
		HideSolutionNode = FALSE
	EndGlobalSection
	GlobalSection(ExtensibilityGlobals) = postSolution
		SolutionGuid = {DC2F0420-95E5-4E24-8124-7BD7B5219B31}
	EndGlobalSection
EndGlobal
